
Microsoft Visual Studio Solution File, Format Version 12.00
# Visual Studio Version 16
VisualStudioVersion = 16.0.31005.135
MinimumVisualStudioVersion = 10.0.40219.1
Project("{9A19103F-16F7-4668-BE54-9A1E7A4F7556}") = "MessagesSaverWebApi", "MessagesSaverWebApi\MessagesSaverWebApi.csproj", "{CC63D9F0-EBE5-4332-B896-952D312DACA2}"
EndProject
Project("{9A19103F-16F7-4668-BE54-9A1E7A4F7556}") = "MessagesSaver.DB", "MessagesSaver.DB\MessagesSaver.DB.csproj", "{86EABA77-672D-46D1-8EE7-A13092609176}"
EndProject
Project("{FAE04EC0-301F-11D3-BF4B-00C04F79EFBC}") = "Messages.Core", "Messages.Core\Messages.Core.csproj", "{B0E33665-B032-4C54-AECA-2B09A8C573DC}"
EndProject
Global
	GlobalSection(SolutionConfigurationPlatforms) = preSolution
		Debug|Any CPU = Debug|Any CPU
		Release|Any CPU = Release|Any CPU
	EndGlobalSection
	GlobalSection(ProjectConfigurationPlatforms) = postSolution
		{CC63D9F0-EBE5-4332-B896-952D312DACA2}.Debug|Any CPU.ActiveCfg = Debug|Any CPU
		{CC63D9F0-EBE5-4332-B896-952D312DACA2}.Debug|Any CPU.Build.0 = Debug|Any CPU
		{CC63D9F0-EBE5-4332-B896-952D312DACA2}.Release|Any CPU.ActiveCfg = Release|Any CPU
		{CC63D9F0-EBE5-4332-B896-952D312DACA2}.Release|Any CPU.Build.0 = Release|Any CPU
		{86EABA77-672D-46D1-8EE7-A13092609176}.Debug|Any CPU.ActiveCfg = Debug|Any CPU
		{86EABA77-672D-46D1-8EE7-A13092609176}.Debug|Any CPU.Build.0 = Debug|Any CPU
		{86EABA77-672D-46D1-8EE7-A13092609176}.Release|Any CPU.ActiveCfg = Release|Any CPU
		{86EABA77-672D-46D1-8EE7-A13092609176}.Release|Any CPU.Build.0 = Release|Any CPU
		{B0E33665-B032-4C54-AECA-2B09A8C573DC}.Debug|Any CPU.ActiveCfg = Debug|Any CPU
		{B0E33665-B032-4C54-AECA-2B09A8C573DC}.Debug|Any CPU.Build.0 = Debug|Any CPU
		{B0E33665-B032-4C54-AECA-2B09A8C573DC}.Release|Any CPU.ActiveCfg = Release|Any CPU
		{B0E33665-B032-4C54-AECA-2B09A8C573DC}.Release|Any CPU.Build.0 = Release|Any CPU
	EndGlobalSection
	GlobalSection(SolutionProperties) = preSolution
		HideSolutionNode = FALSE
	EndGlobalSection
	GlobalSection(ExtensibilityGlobals) = postSolution
		SolutionGuid = {BBC3964D-EACB-4CC9-9CB6-DBBAF5E99B2E}
	EndGlobalSection
EndGlobal
